
Microsoft Visual Studio Solution File, Format Version 12.00
# Visual Studio Version 16
VisualStudioVersion = 16.0.30517.126
MinimumVisualStudioVersion = 10.0.40219.1
Project("{9A19103F-16F7-4668-BE54-9A1E7A4F7556}") = "01_Ranking", "01_Ranking\01_Ranking.csproj", "{A5D83C16-065A-4BCF-B0C6-D0C08B180773}"
EndProject
Project("{9A19103F-16F7-4668-BE54-9A1E7A4F7556}") = "02_Judge", "02_Judge\02_Judge.csproj", "{AF82D8C0-8391-4B88-B884-F87BC95B26C1}"
EndProject
Project("{9A19103F-16F7-4668-BE54-9A1E7A4F7556}") = "03_MOBA_Challenger", "03_MOBA_Challenger\03_MOBA_Challenger.csproj", "{615DD0B0-BD13-47E8-828C-EEAB3C432C90}"
EndProject
Project("{9A19103F-16F7-4668-BE54-9A1E7A4F7556}") = "04_Snowwhite", "04_Snowwhite\04_Snowwhite.csproj", "{73715D5A-9577-4E73-BA8A-8C43CA861502}"
EndProject
Project("{9A19103F-16F7-4668-BE54-9A1E7A4F7556}") = "05_DragonArmy_NE", "05_DragonArmy\05_DragonArmy_NE.csproj", "{00035AB9-6494-4B82-8BCB-1579BED98146}"
EndProject
Global
	GlobalSection(SolutionConfigurationPlatforms) = preSolution
		Debug|Any CPU = Debug|Any CPU
		Release|Any CPU = Release|Any CPU
	EndGlobalSection
	GlobalSection(ProjectConfigurationPlatforms) = postSolution
		{A5D83C16-065A-4BCF-B0C6-D0C08B180773}.Debug|Any CPU.ActiveCfg = Debug|Any CPU
		{A5D83C16-065A-4BCF-B0C6-D0C08B180773}.Debug|Any CPU.Build.0 = Debug|Any CPU
		{A5D83C16-065A-4BCF-B0C6-D0C08B180773}.Release|Any CPU.ActiveCfg = Release|Any CPU
		{A5D83C16-065A-4BCF-B0C6-D0C08B180773}.Release|Any CPU.Build.0 = Release|Any CPU
		{AF82D8C0-8391-4B88-B884-F87BC95B26C1}.Debug|Any CPU.ActiveCfg = Debug|Any CPU
		{AF82D8C0-8391-4B88-B884-F87BC95B26C1}.Debug|Any CPU.Build.0 = Debug|Any CPU
		{AF82D8C0-8391-4B88-B884-F87BC95B26C1}.Release|Any CPU.ActiveCfg = Release|Any CPU
		{AF82D8C0-8391-4B88-B884-F87BC95B26C1}.Release|Any CPU.Build.0 = Release|Any CPU
		{615DD0B0-BD13-47E8-828C-EEAB3C432C90}.Debug|Any CPU.ActiveCfg = Debug|Any CPU
		{615DD0B0-BD13-47E8-828C-EEAB3C432C90}.Debug|Any CPU.Build.0 = Debug|Any CPU
		{615DD0B0-BD13-47E8-828C-EEAB3C432C90}.Release|Any CPU.ActiveCfg = Release|Any CPU
		{615DD0B0-BD13-47E8-828C-EEAB3C432C90}.Release|Any CPU.Build.0 = Release|Any CPU
		{73715D5A-9577-4E73-BA8A-8C43CA861502}.Debug|Any CPU.ActiveCfg = Debug|Any CPU
		{73715D5A-9577-4E73-BA8A-8C43CA861502}.Debug|Any CPU.Build.0 = Debug|Any CPU
		{73715D5A-9577-4E73-BA8A-8C43CA861502}.Release|Any CPU.ActiveCfg = Release|Any CPU
		{73715D5A-9577-4E73-BA8A-8C43CA861502}.Release|Any CPU.Build.0 = Release|Any CPU
		{00035AB9-6494-4B82-8BCB-1579BED98146}.Debug|Any CPU.ActiveCfg = Debug|Any CPU
		{00035AB9-6494-4B82-8BCB-1579BED98146}.Debug|Any CPU.Build.0 = Debug|Any CPU
		{00035AB9-6494-4B82-8BCB-1579BED98146}.Release|Any CPU.ActiveCfg = Release|Any CPU
		{00035AB9-6494-4B82-8BCB-1579BED98146}.Release|Any CPU.Build.0 = Release|Any CPU
	EndGlobalSection
	GlobalSection(SolutionProperties) = preSolution
		HideSolutionNode = FALSE
	EndGlobalSection
	GlobalSection(ExtensibilityGlobals) = postSolution
		SolutionGuid = {88541211-DC31-4450-A9D2-711F8CB2A5DA}
	EndGlobalSection
EndGlobal
