
Microsoft Visual Studio Solution File, Format Version 12.00
# Visual Studio Version 16
VisualStudioVersion = 16.0.30413.136
MinimumVisualStudioVersion = 10.0.40219.1
Project("{9A19103F-16F7-4668-BE54-9A1E7A4F7556}") = "01_CompanyRoster", "01_CompanyRoster\01_CompanyRoster.csproj", "{067DA80E-518D-40DB-A96C-EC003F4DC6FD}"
EndProject
Project("{FAE04EC0-301F-11D3-BF4B-00C04F79EFBC}") = "02_OldestFamilyMember", "02_OldestFamilyMember\02_OldestFamilyMember.csproj", "{A455DD13-3E9D-4DC3-8326-AF14EC208394}"
EndProject
Global
	GlobalSection(SolutionConfigurationPlatforms) = preSolution
		Debug|Any CPU = Debug|Any CPU
		Release|Any CPU = Release|Any CPU
	EndGlobalSection
	GlobalSection(ProjectConfigurationPlatforms) = postSolution
		{067DA80E-518D-40DB-A96C-EC003F4DC6FD}.Debug|Any CPU.ActiveCfg = Debug|Any CPU
		{067DA80E-518D-40DB-A96C-EC003F4DC6FD}.Debug|Any CPU.Build.0 = Debug|Any CPU
		{067DA80E-518D-40DB-A96C-EC003F4DC6FD}.Release|Any CPU.ActiveCfg = Release|Any CPU
		{067DA80E-518D-40DB-A96C-EC003F4DC6FD}.Release|Any CPU.Build.0 = Release|Any CPU
		{A455DD13-3E9D-4DC3-8326-AF14EC208394}.Debug|Any CPU.ActiveCfg = Debug|Any CPU
		{A455DD13-3E9D-4DC3-8326-AF14EC208394}.Debug|Any CPU.Build.0 = Debug|Any CPU
		{A455DD13-3E9D-4DC3-8326-AF14EC208394}.Release|Any CPU.ActiveCfg = Release|Any CPU
		{A455DD13-3E9D-4DC3-8326-AF14EC208394}.Release|Any CPU.Build.0 = Release|Any CPU
	EndGlobalSection
	GlobalSection(SolutionProperties) = preSolution
		HideSolutionNode = FALSE
	EndGlobalSection
	GlobalSection(ExtensibilityGlobals) = postSolution
		SolutionGuid = {0E750ABC-66C2-4C9A-86BD-CA599CA0DDC0}
	EndGlobalSection
EndGlobal
