
Microsoft Visual Studio Solution File, Format Version 12.00
# Visual Studio Version 16
VisualStudioVersion = 16.0.30011.22
MinimumVisualStudioVersion = 10.0.40219.1
Project("{9A19103F-16F7-4668-BE54-9A1E7A4F7556}") = "01_SortNumbers", "01_SortNumbers\01_SortNumbers.csproj", "{D21F2FCA-410D-48B0-9656-0C485D65277C}"
EndProject
Project("{FAE04EC0-301F-11D3-BF4B-00C04F79EFBC}") = "02_EnglishNameOftheLastDigit", "02_EnglishNameOftheLastDigit\02_EnglishNameOftheLastDigit.csproj", "{9287B56D-4E93-47C2-81DB-71ECF068B28C}"
EndProject
Project("{FAE04EC0-301F-11D3-BF4B-00C04F79EFBC}") = "03_GamingStore", "03_GamingStore\03_GamingStore.csproj", "{91A8D301-75C1-4295-BB3D-1316D363E738}"
EndProject
Project("{FAE04EC0-301F-11D3-BF4B-00C04F79EFBC}") = "04_ReverseString", "04_ReverseString\04_ReverseString.csproj", "{977A032C-0DDA-449E-8DB6-01FB67D39C02}"
EndProject
Project("{FAE04EC0-301F-11D3-BF4B-00C04F79EFBC}") = "05_Messages", "05_Messages\05_Messages.csproj", "{DC48FA6D-2D2D-4E6E-A5CE-B55E62C5D3E0}"
EndProject
Global
	GlobalSection(SolutionConfigurationPlatforms) = preSolution
		Debug|Any CPU = Debug|Any CPU
		Release|Any CPU = Release|Any CPU
	EndGlobalSection
	GlobalSection(ProjectConfigurationPlatforms) = postSolution
		{D21F2FCA-410D-48B0-9656-0C485D65277C}.Debug|Any CPU.ActiveCfg = Debug|Any CPU
		{D21F2FCA-410D-48B0-9656-0C485D65277C}.Debug|Any CPU.Build.0 = Debug|Any CPU
		{D21F2FCA-410D-48B0-9656-0C485D65277C}.Release|Any CPU.ActiveCfg = Release|Any CPU
		{D21F2FCA-410D-48B0-9656-0C485D65277C}.Release|Any CPU.Build.0 = Release|Any CPU
		{9287B56D-4E93-47C2-81DB-71ECF068B28C}.Debug|Any CPU.ActiveCfg = Debug|Any CPU
		{9287B56D-4E93-47C2-81DB-71ECF068B28C}.Debug|Any CPU.Build.0 = Debug|Any CPU
		{9287B56D-4E93-47C2-81DB-71ECF068B28C}.Release|Any CPU.ActiveCfg = Release|Any CPU
		{9287B56D-4E93-47C2-81DB-71ECF068B28C}.Release|Any CPU.Build.0 = Release|Any CPU
		{91A8D301-75C1-4295-BB3D-1316D363E738}.Debug|Any CPU.ActiveCfg = Debug|Any CPU
		{91A8D301-75C1-4295-BB3D-1316D363E738}.Debug|Any CPU.Build.0 = Debug|Any CPU
		{91A8D301-75C1-4295-BB3D-1316D363E738}.Release|Any CPU.ActiveCfg = Release|Any CPU
		{91A8D301-75C1-4295-BB3D-1316D363E738}.Release|Any CPU.Build.0 = Release|Any CPU
		{977A032C-0DDA-449E-8DB6-01FB67D39C02}.Debug|Any CPU.ActiveCfg = Debug|Any CPU
		{977A032C-0DDA-449E-8DB6-01FB67D39C02}.Debug|Any CPU.Build.0 = Debug|Any CPU
		{977A032C-0DDA-449E-8DB6-01FB67D39C02}.Release|Any CPU.ActiveCfg = Release|Any CPU
		{977A032C-0DDA-449E-8DB6-01FB67D39C02}.Release|Any CPU.Build.0 = Release|Any CPU
		{DC48FA6D-2D2D-4E6E-A5CE-B55E62C5D3E0}.Debug|Any CPU.ActiveCfg = Debug|Any CPU
		{DC48FA6D-2D2D-4E6E-A5CE-B55E62C5D3E0}.Debug|Any CPU.Build.0 = Debug|Any CPU
		{DC48FA6D-2D2D-4E6E-A5CE-B55E62C5D3E0}.Release|Any CPU.ActiveCfg = Release|Any CPU
		{DC48FA6D-2D2D-4E6E-A5CE-B55E62C5D3E0}.Release|Any CPU.Build.0 = Release|Any CPU
	EndGlobalSection
	GlobalSection(SolutionProperties) = preSolution
		HideSolutionNode = FALSE
	EndGlobalSection
	GlobalSection(ExtensibilityGlobals) = postSolution
		SolutionGuid = {1E55551E-2CA3-4AF0-8FFC-D02FD647A4F1}
	EndGlobalSection
EndGlobal
